
Microsoft Visual Studio Solution File, Format Version 12.00
# Visual Studio Version 17
VisualStudioVersion = 17.11.35312.102
MinimumVisualStudioVersion = 10.0.40219.1
Project("{FAE04EC0-301F-11D3-BF4B-00C04F79EFBC}") = "FirstMVC.BLL", "FirstMVC.BLL\FirstMVC.BLL.csproj", "{EF24D5A2-E8F4-4849-8FF3-5D00F01B46AE}"
EndProject
Project("{FAE04EC0-301F-11D3-BF4B-00C04F79EFBC}") = "FirstMVC.PL", "FirstMVC.PL\FirstMVC.PL.csproj", "{2D94B0E7-FC79-4DA1-A29E-B464FB24DE5B}"
EndProject
Project("{FAE04EC0-301F-11D3-BF4B-00C04F79EFBC}") = "FirstMVC.DAL2", "FirstMVC.DAL2\FirstMVC.DAL2.csproj", "{5D99FE83-667D-4F81-8143-F75FABD19FE1}"
EndProject
Global
	GlobalSection(SolutionConfigurationPlatforms) = preSolution
		Debug|Any CPU = Debug|Any CPU
		Release|Any CPU = Release|Any CPU
	EndGlobalSection
	GlobalSection(ProjectConfigurationPlatforms) = postSolution
		{EF24D5A2-E8F4-4849-8FF3-5D00F01B46AE}.Debug|Any CPU.ActiveCfg = Debug|Any CPU
		{EF24D5A2-E8F4-4849-8FF3-5D00F01B46AE}.Debug|Any CPU.Build.0 = Debug|Any CPU
		{EF24D5A2-E8F4-4849-8FF3-5D00F01B46AE}.Release|Any CPU.ActiveCfg = Release|Any CPU
		{EF24D5A2-E8F4-4849-8FF3-5D00F01B46AE}.Release|Any CPU.Build.0 = Release|Any CPU
		{2D94B0E7-FC79-4DA1-A29E-B464FB24DE5B}.Debug|Any CPU.ActiveCfg = Debug|Any CPU
		{2D94B0E7-FC79-4DA1-A29E-B464FB24DE5B}.Debug|Any CPU.Build.0 = Debug|Any CPU
		{2D94B0E7-FC79-4DA1-A29E-B464FB24DE5B}.Release|Any CPU.ActiveCfg = Release|Any CPU
		{2D94B0E7-FC79-4DA1-A29E-B464FB24DE5B}.Release|Any CPU.Build.0 = Release|Any CPU
		{5D99FE83-667D-4F81-8143-F75FABD19FE1}.Debug|Any CPU.ActiveCfg = Debug|Any CPU
		{5D99FE83-667D-4F81-8143-F75FABD19FE1}.Debug|Any CPU.Build.0 = Debug|Any CPU
		{5D99FE83-667D-4F81-8143-F75FABD19FE1}.Release|Any CPU.ActiveCfg = Release|Any CPU
		{5D99FE83-667D-4F81-8143-F75FABD19FE1}.Release|Any CPU.Build.0 = Release|Any CPU
	EndGlobalSection
	GlobalSection(SolutionProperties) = preSolution
		HideSolutionNode = FALSE
	EndGlobalSection
	GlobalSection(ExtensibilityGlobals) = postSolution
		SolutionGuid = {F794753A-64BC-4DE0-99D6-C3DE360991A3}
	EndGlobalSection
EndGlobal
